
Microsoft Visual Studio Solution File, Format Version 12.00
# Visual Studio Version 16
VisualStudioVersion = 16.0.28803.202
MinimumVisualStudioVersion = 10.0.40219.1
Project("{FAE04EC0-301F-11D3-BF4B-00C04F79EFBC}") = "SqlManagedIdentityDemo", "SqlManagedIdentityDemo\SqlManagedIdentityDemo.csproj", "{DFBFEE14-6D43-433C-97D2-5824B8B41455}"
EndProject
Global
	GlobalSection(SolutionConfigurationPlatforms) = preSolution
		Debug|Any CPU = Debug|Any CPU
		Release|Any CPU = Release|Any CPU
	EndGlobalSection
	GlobalSection(ProjectConfigurationPlatforms) = postSolution
		{DFBFEE14-6D43-433C-97D2-5824B8B41455}.Debug|Any CPU.ActiveCfg = Debug|Any CPU
		{DFBFEE14-6D43-433C-97D2-5824B8B41455}.Debug|Any CPU.Build.0 = Debug|Any CPU
		{DFBFEE14-6D43-433C-97D2-5824B8B41455}.Release|Any CPU.ActiveCfg = Release|Any CPU
		{DFBFEE14-6D43-433C-97D2-5824B8B41455}.Release|Any CPU.Build.0 = Release|Any CPU
	EndGlobalSection
	GlobalSection(SolutionProperties) = preSolution
		HideSolutionNode = FALSE
	EndGlobalSection
	GlobalSection(ExtensibilityGlobals) = postSolution
		SolutionGuid = {3BE850E3-7A78-4A28-833B-4144FD98F503}
	EndGlobalSection
EndGlobal
